// !$*UTF8*$!
{
	archiveVersion = 1;
	classes = {
	};
	objectVersion = 48;
	objects = {

/* Begin PBXBuildFile section */
		215C65CB203EC6B6001C7A92 /* AppDelegate.swift in Sources */ = {isa = PBXBuildFile; fileRef = 215C65CA203EC6B6001C7A92 /* AppDelegate.swift */; };
		215C65CD203EC6B6001C7A92 /* ViewController.swift in Sources */ = {isa = PBXBuildFile; fileRef = 215C65CC203EC6B6001C7A92 /* ViewController.swift */; };
		215C65D0203EC6B6001C7A92 /* Main.storyboard in Resources */ = {isa = PBXBuildFile; fileRef = 215C65CE203EC6B6001C7A92 /* Main.storyboard */; };
		215C65D2203EC6B6001C7A92 /* Assets.xcassets in Resources */ = {isa = PBXBuildFile; fileRef = 215C65D1203EC6B6001C7A92 /* Assets.xcassets */; };
		215C65D5203EC6B6001C7A92 /* LaunchScreen.storyboard in Resources */ = {isa = PBXBuildFile; fileRef = 215C65D3203EC6B6001C7A92 /* LaunchScreen.storyboard */; };
		88EEB2BAA16F8A6E3AED0F0A /* Pods_huicheng.framework in Frameworks */ = {isa = PBXBuildFile; fileRef = A6B3B926EC39335E65CFE2DE /* Pods_huicheng.framework */; };
/* End PBXBuildFile section */

/* Begin PBXFileReference section */
		215C65C7203EC6B6001C7A92 /* huicheng.app */ = {isa = PBXFileReference; explicitFileType = wrapper.application; includeInIndex = 0; path = huicheng.app; sourceTree = BUILT_PRODUCTS_DIR; };
		215C65CA203EC6B6001C7A92 /* AppDelegate.swift */ = {isa = PBXFileReference; lastKnownFileType = sourcecode.swift; path = AppDelegate.swift; sourceTree = "<group>"; };
		215C65CC203EC6B6001C7A92 /* ViewController.swift */ = {isa = PBXFileReference; lastKnownFileType = sourcecode.swift; path = ViewController.swift; sourceTree = "<group>"; };
		215C65CF203EC6B6001C7A92 /* Base */ = {isa = PBXFileReference; lastKnownFileType = file.storyboard; name = Base; path = Base.lproj/Main.storyboard; sourceTree = "<group>"; };
		215C65D1203EC6B6001C7A92 /* Assets.xcassets */ = {isa = PBXFileReference; lastKnownFileType = folder.assetcatalog; path = Assets.xcassets; sourceTree = "<group>"; };
		215C65D4203EC6B6001C7A92 /* Base */ = {isa = PBXFileReference; lastKnownFileType = file.storyboard; name = Base; path = Base.lproj/LaunchScreen.storyboard; sourceTree = "<group>"; };
		215C65D6203EC6B6001C7A92 /* Info.plist */ = {isa = PBXFileReference; lastKnownFileType = text.plist.xml; path = Info.plist; sourceTree = "<group>"; };
		97B8B5BC41ED2EA904010B3A /* Pods-huicheng.release.xcconfig */ = {isa = PBXFileReference; includeInIndex = 1; lastKnownFileType = text.xcconfig; name = "Pods-huicheng.release.xcconfig"; path = "Pods/Target Support Files/Pods-huicheng/Pods-huicheng.release.xcconfig"; sourceTree = "<group>"; };
		98FDFB3873660C12BD78F6BE /* Pods-huicheng.debug.xcconfig */ = {isa = PBXFileReference; includeInIndex = 1; lastKnownFileType = text.xcconfig; name = "Pods-huicheng.debug.xcconfig"; path = "Pods/Target Support Files/Pods-huicheng/Pods-huicheng.debug.xcconfig"; sourceTree = "<group>"; };
		A6B3B926EC39335E65CFE2DE /* Pods_huicheng.framework */ = {isa = PBXFileReference; explicitFileType = wrapper.framework; includeInIndex = 0; path = Pods_huicheng.framework; sourceTree = BUILT_PRODUCTS_DIR; };
/* End PBXFileReference section */

/* Begin PBXFrameworksBuildPhase section */
		215C65C4203EC6B6001C7A92 /* Frameworks */ = {
			isa = PBXFrameworksBuildPhase;
			buildActionMask = 2147483647;
			files = (
				88EEB2BAA16F8A6E3AED0F0A /* Pods_huicheng.framework in Frameworks */,
			);
			runOnlyForDeploymentPostprocessing = 0;
		};
/* End PBXFrameworksBuildPhase section */

/* Begin PBXGroup section */
		215C65BE203EC6B6001C7A92 = {
			isa = PBXGroup;
			children = (
				215C65C9203EC6B6001C7A92 /* huicheng */,
				215C65C8203EC6B6001C7A92 /* Products */,
				7E5BB6CE7DBE1267944D424D /* Pods */,
				6F2EA6AFB613FEB8B4C18340 /* Frameworks */,
			);
			sourceTree = "<group>";
		};
		215C65C8203EC6B6001C7A92 /* Products */ = {
			isa = PBXGroup;
			children = (
				215C65C7203EC6B6001C7A92 /* huicheng.app */,
			);
			name = Products;
			sourceTree = "<group>";
		};
		215C65C9203EC6B6001C7A92 /* huicheng */ = {
			isa = PBXGroup;
			children = (
				215C65CA203EC6B6001C7A92 /* AppDelegate.swift */,
				215C65CC203EC6B6001C7A92 /* ViewController.swift */,
				215C65CE203EC6B6001C7A92 /* Main.storyboard */,
				215C65D1203EC6B6001C7A92 /* Assets.xcassets */,
				215C65D3203EC6B6001C7A92 /* LaunchScreen.storyboard */,
				215C65D6203EC6B6001C7A92 /* Info.plist */,
			);
			path = huicheng;
			sourceTree = "<group>";
		};
		6F2EA6AFB613FEB8B4C18340 /* Frameworks */ = {
			isa = PBXGroup;
			children = (
				A6B3B926EC39335E65CFE2DE /* Pods_huicheng.framework */,
			);
			name = Frameworks;
			sourceTree = "<group>";
		};
		7E5BB6CE7DBE1267944D424D /* Pods */ = {
			isa = PBXGroup;
			children = (
				98FDFB3873660C12BD78F6BE /* Pods-huicheng.debug.xcconfig */,
				97B8B5BC41ED2EA904010B3A /* Pods-huicheng.release.xcconfig */,
			);
			name = Pods;
			sourceTree = "<group>";
		};
/* End PBXGroup section */

/* Begin PBXNativeTarget section */
		215C65C6203EC6B6001C7A92 /* huicheng */ = {
			isa = PBXNativeTarget;
			buildConfigurationList = 215C65D9203EC6B6001C7A92 /* Build configuration list for PBXNativeTarget "huicheng" */;
			buildPhases = (
				025ADF905537E313ED6A82EE /* [CP] Check Pods Manifest.lock */,
				215C65C3203EC6B6001C7A92 /* Sources */,
				215C65C4203EC6B6001C7A92 /* Frameworks */,
				215C65C5203EC6B6001C7A92 /* Resources */,
				60622DA893EC347BAF29E317 /* [CP] Embed Pods Frameworks */,
				08FEFC5F0F71CA4EF74B07D6 /* [CP] Copy Pods Resources */,
			);
			buildRules = (
			);
			dependencies = (
			);
			name = huicheng;
			productName = huicheng;
			productReference = 215C65C7203EC6B6001C7A92 /* huicheng.app */;
			productType = "com.apple.product-type.application";
		};
/* End PBXNativeTarget section */

/* Begin PBXProject section */
		215C65BF203EC6B6001C7A92 /* Project object */ = {
			isa = PBXProject;
			attributes = {
				LastSwiftUpdateCheck = 0920;
				LastUpgradeCheck = 0920;
				ORGANIZATIONNAME = lvxin;
				TargetAttributes = {
					215C65C6203EC6B6001C7A92 = {
						CreatedOnToolsVersion = 9.2;
						ProvisioningStyle = Automatic;
					};
				};
			};
			buildConfigurationList = 215C65C2203EC6B6001C7A92 /* Build configuration list for PBXProject "huicheng" */;
			compatibilityVersion = "Xcode 8.0";
			developmentRegion = en;
			hasScannedForEncodings = 0;
			knownRegions = (
				en,
				Base,
			);
			mainGroup = 215C65BE203EC6B6001C7A92;
			productRefGroup = 215C65C8203EC6B6001C7A92 /* Products */;
			projectDirPath = "";
			projectRoot = "";
			targets = (
				215C65C6203EC6B6001C7A92 /* huicheng */,
			);
		};
/* End PBXProject section */

/* Begin PBXResourcesBuildPhase section */
		215C65C5203EC6B6001C7A92 /* Resources */ = {
			isa = PBXResourcesBuildPhase;
			buildActionMask = 2147483647;
			files = (
				215C65D5203EC6B6001C7A92 /* LaunchScreen.storyboard in Resources */,
				215C65D2203EC6B6001C7A92 /* Assets.xcassets in Resources */,
				215C65D0203EC6B6001C7A92 /* Main.storyboard in Resources */,
			);
			runOnlyForDeploymentPostprocessing = 0;
		};
/* End PBXResourcesBuildPhase section */

/* Begin PBXShellScriptBuildPhase section */
		025ADF905537E313ED6A82EE /* [CP] Check Pods Manifest.lock */ = {
			isa = PBXShellScriptBuildPhase;
			buildActionMask = 2147483647;
			files = (
			);
			inputPaths = (
				"${PODS_PODFILE_DIR_PATH}/Podfile.lock",
				"${PODS_ROOT}/Manifest.lock",
			);
			name = "[CP] Check Pods Manifest.lock";
			outputPaths = (
				"$(DERIVED_FILE_DIR)/Pods-huicheng-checkManifestLockResult.txt",
			);
			runOnlyForDeploymentPostprocessing = 0;
			shellPath = /bin/sh;
			shellScript = "diff \"${PODS_PODFILE_DIR_PATH}/Podfile.lock\" \"${PODS_ROOT}/Manifest.lock\" > /dev/null\nif [ $? != 0 ] ; then\n    # print error to STDERR\n    echo \"error: The sandbox is not in sync with the Podfile.lock. Run 'pod install' or update your CocoaPods installation.\" >&2\n    exit 1\nfi\n# This output is used by Xcode 'outputs' to avoid re-running this script phase.\necho \"SUCCESS\" > \"${SCRIPT_OUTPUT_FILE_0}\"\n";
			showEnvVarsInLog = 0;
		};
		08FEFC5F0F71CA4EF74B07D6 /* [CP] Copy Pods Resources */ = {
			isa = PBXShellScriptBuildPhase;
			buildActionMask = 2147483647;
			files = (
			);
			inputPaths = (
			);
			name = "[CP] Copy Pods Resources";
			outputPaths = (
			);
			runOnlyForDeploymentPostprocessing = 0;
			shellPath = /bin/sh;
			shellScript = "\"${SRCROOT}/Pods/Target Support Files/Pods-huicheng/Pods-huicheng-resources.sh\"\n";
			showEnvVarsInLog = 0;
		};
		60622DA893EC347BAF29E317 /* [CP] Embed Pods Frameworks */ = {
			isa = PBXShellScriptBuildPhase;
			buildActionMask = 2147483647;
			files = (
			);
			inputPaths = (
				"${SRCROOT}/Pods/Target Support Files/Pods-huicheng/Pods-huicheng-frameworks.sh",
				"${BUILT_PRODUCTS_DIR}/Kingfisher/Kingfisher.framework",
				"${BUILT_PRODUCTS_DIR}/MJRefresh/MJRefresh.framework",
				"${BUILT_PRODUCTS_DIR}/SwiftyJSON/SwiftyJSON.framework",
			);
			name = "[CP] Embed Pods Frameworks";
			outputPaths = (
				"${TARGET_BUILD_DIR}/${FRAMEWORKS_FOLDER_PATH}/Kingfisher.framework",
				"${TARGET_BUILD_DIR}/${FRAMEWORKS_FOLDER_PATH}/MJRefresh.framework",
				"${TARGET_BUILD_DIR}/${FRAMEWORKS_FOLDER_PATH}/SwiftyJSON.framework",
			);
			runOnlyForDeploymentPostprocessing = 0;
			shellPath = /bin/sh;
			shellScript = "\"${SRCROOT}/Pods/Target Support Files/Pods-huicheng/Pods-huicheng-frameworks.sh\"\n";
			showEnvVarsInLog = 0;
		};
/* End PBXShellScriptBuildPhase section */

/* Begin PBXSourcesBuildPhase section */
		215C65C3203EC6B6001C7A92 /* Sources */ = {
			isa = PBXSourcesBuildPhase;
			buildActionMask = 2147483647;
			files = (
				215C65CD203EC6B6001C7A92 /* ViewController.swift in Sources */,
				215C65CB203EC6B6001C7A92 /* AppDelegate.swift in Sources */,
			);
			runOnlyForDeploymentPostprocessing = 0;
		};
/* End PBXSourcesBuildPhase section */

/* Begin PBXVariantGroup section */
		215C65CE203EC6B6001C7A92 /* Main.storyboard */ = {
			isa = PBXVariantGroup;
			children = (
				215C65CF203EC6B6001C7A92 /* Base */,
			);
			name = Main.storyboard;
			sourceTree = "<group>";
		};
		215C65D3203EC6B6001C7A92 /* LaunchScreen.storyboard */ = {
			isa = PBXVariantGroup;
			children = (
				215C65D4203EC6B6001C7A92 /* Base */,
			);
			name = LaunchScreen.storyboard;
			sourceTree = "<group>";
		};
/* End PBXVariantGroup section */

/* Begin XCBuildConfiguration section */
		215C65D7203EC6B6001C7A92 /* Debug */ = {
			isa = XCBuildConfiguration;
			buildSettings = {
				ALWAYS_SEARCH_USER_PATHS = NO;
				CLANG_ANALYZER_NONNULL = YES;
				CLANG_ANALYZER_NUMBER_OBJECT_CONVERSION = YES_AGGRESSIVE;
				CLANG_CXX_LANGUAGE_STANDARD = "gnu++14";
				CLANG_CXX_LIBRARY = "libc++";
				CLANG_ENABLE_MODULES = YES;
				CLANG_ENABLE_OBJC_ARC = YES;
				CLANG_WARN_BLOCK_CAPTURE_AUTORELEASING = YES;
				CLANG_WARN_BOOL_CONVERSION = YES;
				CLANG_WARN_COMMA = YES;
				CLANG_WARN_CONSTANT_CONVERSION = YES;
				CLANG_WARN_DIRECT_OBJC_ISA_USAGE = YES_ERROR;
				CLANG_WARN_DOCUMENTATION_COMMENTS = YES;
				CLANG_WARN_EMPTY_BODY = YES;
				CLANG_WARN_ENUM_CONVERSION = YES;
				CLANG_WARN_INFINITE_RECURSION = YES;
				CLANG_WARN_INT_CONVERSION = YES;
				CLANG_WARN_NON_LITERAL_NULL_CONVERSION = YES;
				CLANG_WARN_OBJC_LITERAL_CONVERSION = YES;
				CLANG_WARN_OBJC_ROOT_CLASS = YES_ERROR;
				CLANG_WARN_RANGE_LOOP_ANALYSIS = YES;
				CLANG_WARN_STRICT_PROTOTYPES = YES;
				CLANG_WARN_SUSPICIOUS_MOVE = YES;
				CLANG_WARN_UNGUARDED_AVAILABILITY = YES_AGGRESSIVE;
				CLANG_WARN_UNREACHABLE_CODE = YES;
				CLANG_WARN__DUPLICATE_METHOD_MATCH = YES;
				CODE_SIGN_IDENTITY = "iPhone Developer";
				COPY_PHASE_STRIP = NO;
				DEBUG_INFORMATION_FORMAT = dwarf;
				ENABLE_STRICT_OBJC_MSGSEND = YES;
				ENABLE_TESTABILITY = YES;
				GCC_C_LANGUAGE_STANDARD = gnu11;
				GCC_DYNAMIC_NO_PIC = NO;
				GCC_NO_COMMON_BLOCKS = YES;
				GCC_OPTIMIZATION_LEVEL = 0;
				GCC_PREPROCESSOR_DEFINITIONS = (
					"DEBUG=1",
					"$(inherited)",
				);
				GCC_WARN_64_TO_32_BIT_CONVERSION = YES;
				GCC_WARN_ABOUT_RETURN_TYPE = YES_ERROR;
				GCC_WARN_UNDECLARED_SELECTOR = YES;
				GCC_WARN_UNINITIALIZED_AUTOS = YES_AGGRESSIVE;
				GCC_WARN_UNUSED_FUNCTION = YES;
				GCC_WARN_UNUSED_VARIABLE = YES;
				IPHONEOS_DEPLOYMENT_TARGET = 11.2;
				MTL_ENABLE_DEBUG_INFO = YES;
				ONLY_ACTIVE_ARCH = YES;
				SDKROOT = iphoneos;
				SWIFT_ACTIVE_COMPILATION_CONDITIONS = DEBUG;
				SWIFT_OPTIMIZATION_LEVEL = "-Onone";
			};
			name = Debug;
		};
		215C65D8203EC6B6001C7A92 /* Release */ = {
			isa = XCBuildConfiguration;
			buildSettings = {
				ALWAYS_SEARCH_USER_PATHS = NO;
				CLANG_ANALYZER_NONNULL = YES;
				CLANG_ANALYZER_NUMBER_OBJECT_CONVERSION = YES_AGGRESSIVE;
				CLANG_CXX_LANGUAGE_STANDARD = "gnu++14";
				CLANG_CXX_LIBRARY = "libc++";
				CLANG_ENABLE_MODULES = YES;
				CLANG_ENABLE_OBJC_ARC = YES;
				CLANG_WARN_BLOCK_CAPTURE_AUTORELEASING = YES;
				CLANG_WARN_BOOL_CONVERSION = YES;
				CLANG_WARN_COMMA = YES;
				CLANG_WARN_CONSTANT_CONVERSION = YES;
				CLANG_WARN_DIRECT_OBJC_ISA_USAGE = YES_ERROR;
				CLANG_WARN_DOCUMENTATION_COMMENTS = YES;
				CLANG_WARN_EMPTY_BODY = YES;
				CLANG_WARN_ENUM_CONVERSION = YES;
				CLANG_WARN_INFINITE_RECURSION = YES;
				CLANG_WARN_INT_CONVERSION = YES;
				CLANG_WARN_NON_LITERAL_NULL_CONVERSION = YES;
				CLANG_WARN_OBJC_LITERAL_CONVERSION = YES;
				CLANG_WARN_OBJC_ROOT_CLASS = YES_ERROR;
				CLANG_WARN_RANGE_LOOP_ANALYSIS = YES;
				CLANG_WARN_STRICT_PROTOTYPES = YES;
				CLANG_WARN_SUSPICIOUS_MOVE = YES;
				CLANG_WARN_UNGUARDED_AVAILABILITY = YES_AGGRESSIVE;
				CLANG_WARN_UNREACHABLE_CODE = YES;
				CLANG_WARN__DUPLICATE_METHOD_MATCH = YES;
				CODE_SIGN_IDENTITY = "iPhone Developer";
				COPY_PHASE_STRIP = NO;
				DEBUG_INFORMATION_FORMAT = "dwarf-with-dsym";
				ENABLE_NS_ASSERTIONS = NO;
				ENABLE_STRICT_OBJC_MSGSEND = YES;
				GCC_C_LANGUAGE_STANDARD = gnu11;
				GCC_NO_COMMON_BLOCKS = YES;
				GCC_WARN_64_TO_32_BIT_CONVERSION = YES;
				GCC_WARN_ABOUT_RETURN_TYPE = YES_ERROR;
				GCC_WARN_UNDECLARED_SELECTOR = YES;
				GCC_WARN_UNINITIALIZED_AUTOS = YES_AGGRESSIVE;
				GCC_WARN_UNUSED_FUNCTION = YES;
				GCC_WARN_UNUSED_VARIABLE = YES;
				IPHONEOS_DEPLOYMENT_TARGET = 11.2;
				MTL_ENABLE_DEBUG_INFO = NO;
				SDKROOT = iphoneos;
				SWIFT_OPTIMIZATION_LEVEL = "-Owholemodule";
				VALIDATE_PRODUCT = YES;
			};
			name = Release;
		};
		215C65DA203EC6B6001C7A92 /* Debug */ = {
			isa = XCBuildConfiguration;
			baseConfigurationReference = 98FDFB3873660C12BD78F6BE /* Pods-huicheng.debug.xcconfig */;
			buildSettings = {
				ASSETCATALOG_COMPILER_APPICON_NAME = AppIcon;
				CODE_SIGN_STYLE = Automatic;
				DEVELOPMENT_TEAM = 9F3W6D3BQ5;
				INFOPLIST_FILE = huicheng/Info.plist;
				IPHONEOS_DEPLOYMENT_TARGET = 8.0;
				LD_RUNPATH_SEARCH_PATHS = "$(inherited) @executable_path/Frameworks";
				PRODUCT_BUNDLE_IDENTIFIER = com.superxin.cn.huicheng;
				PRODUCT_NAME = "$(TARGET_NAME)";
				SWIFT_VERSION = 4.0;
				TARGETED_DEVICE_FAMILY = "1,2";
			};
			name = Debug;
		};
		215C65DB203EC6B6001C7A92 /* Release */ = {
			isa = XCBuildConfiguration;
			baseConfigurationReference = 97B8B5BC41ED2EA904010B3A /* Pods-huicheng.release.xcconfig */;
			buildSettings = {
				ASSETCATALOG_COMPILER_APPICON_NAME = AppIcon;
				CODE_SIGN_STYLE = Automatic;
				DEVELOPMENT_TEAM = 9F3W6D3BQ5;
				INFOPLIST_FILE = huicheng/Info.plist;
				IPHONEOS_DEPLOYMENT_TARGET = 8.0;
				LD_RUNPATH_SEARCH_PATHS = "$(inherited) @executable_path/Frameworks";
				PRODUCT_BUNDLE_IDENTIFIER = com.superxin.cn.huicheng;
				PRODUCT_NAME = "$(TARGET_NAME)";
				SWIFT_VERSION = 4.0;
				TARGETED_DEVICE_FAMILY = "1,2";
			};
			name = Release;
		};
/* End XCBuildConfiguration section */

/* Begin XCConfigurationList section */
		215C65C2203EC6B6001C7A92 /* Build configuration list for PBXProject "huicheng" */ = {
			isa = XCConfigurationList;
			buildConfigurations = (
				215C65D7203EC6B6001C7A92 /* Debug */,
				215C65D8203EC6B6001C7A92 /* Release */,
			);
			defaultConfigurationIsVisible = 0;
			defaultConfigurationName = Release;
		};
		215C65D9203EC6B6001C7A92 /* Build configuration list for PBXNativeTarget "huicheng" */ = {
			isa = XCConfigurationList;
			buildConfigurations = (
				215C65DA203EC6B6001C7A92 /* Debug */,
				215C65DB203EC6B6001C7A92 /* Release */,
			);
			defaultConfigurationIsVisible = 0;
			defaultConfigurationName = Release;
		};
/* End XCConfigurationList section */
	};
	rootObject = 215C65BF203EC6B6001C7A92 /* Project object */;
}
