PODS:
  - Alamofire (4.7.2)
  - IQKeyboardManagerSwift (6.0.3)
  - Kingfisher (4.8.0)
  - MJRefresh (3.1.15.3)
  - ObjectMapper (3.1.0)
  - SnapKit (4.0.0)
  - SVProgressHUD (2.2.5)
  - SwiftyJSON (4.1.0)
  - UMCCommon (1.5.1)
  - UMCPush (3.2.1):
    - UMCCommon
  - UMCSecurityPlugins (1.0.6)

DEPENDENCIES:
  - Alamofire (~> 4.5)
  - IQKeyboardManagerSwift
  - Kingfisher
  - MJRefresh
  - ObjectMapper (~> 3.1)
  - SnapKit (~> 4.0.0)
  - SVProgressHUD
  - SwiftyJSON
  - UMCCommon
  - UMCPush
  - UMCSecurityPlugins

SPEC CHECKSUMS:
  Alamofire: e4fa87002c137ba2d8d634d2c51fabcda0d5c223
  IQKeyboardManagerSwift: 04e8679f85e496bb2c474eeb9284052f1b3c391c
  Kingfisher: 976d828df2b24834c6a3f2fc4d82cdbd26552be1
  MJRefresh: b48380ae2b927b46c4ef000de9adb8dc748e1df7
  ObjectMapper: 20505058f54e5c3ca69e1d6de9897d152a5369a6
  SnapKit: a42d492c16e80209130a3379f73596c3454b7694
  SVProgressHUD: 1428aafac632c1f86f62aa4243ec12008d7a51d6
  SwiftyJSON: c29297daf073d2aa016295d5809cdd68045c39b3
  UMCCommon: 16b674e9de0616d3a6128c551348a686d869c3c7
  UMCPush: 6a56ca259e934043a491283a88b1699596ea1a18
  UMCSecurityPlugins: 0831a08f3988f3cea9f1d3a7626cd9bee4fef150

PODFILE CHECKSUM: 5d68a4c12a3eef722ae852858f09ed9ac5b42fb4

COCOAPODS: 1.4.0
